
Microsoft Visual Studio Solution File, Format Version 12.00
# Visual Studio Version 17
VisualStudioVersion = 17.12.35527.113
MinimumVisualStudioVersion = 10.0.40219.1
Project("{FAE04EC0-301F-11D3-BF4B-00C04F79EFBC}") = "HeartSpace.Api", "HeartSpace.Api\HeartSpace.Api.csproj", "{059CAE56-6021-4087-B902-22998A58A873}"
EndProject
Project("{FAE04EC0-301F-11D3-BF4B-00C04F79EFBC}") = "HeartSpace.Application", "HeartSpace.Application\HeartSpace.Application.csproj", "{36EEE5B9-FC5E-456D-A05F-9098A1DE07FA}"
EndProject
Project("{FAE04EC0-301F-11D3-BF4B-00C04F79EFBC}") = "HeartSpace.Infrastructure", "HeartSpace.Infrastructure\HeartSpace.Infrastructure.csproj", "{F490DBC1-7109-4B4A-B6E7-760C1F38DAD8}"
EndProject
Project("{FAE04EC0-301F-11D3-BF4B-00C04F79EFBC}") = "HeartSpace.Domain", "HeartSpace.Domain\HeartSpace.Domain.csproj", "{5DF3D124-7CEE-4ED7-8BC3-8D86E1772D38}"
EndProject
Global
	GlobalSection(SolutionConfigurationPlatforms) = preSolution
		Debug|Any CPU = Debug|Any CPU
		Release|Any CPU = Release|Any CPU
	EndGlobalSection
	GlobalSection(ProjectConfigurationPlatforms) = postSolution
		{059CAE56-6021-4087-B902-22998A58A873}.Debug|Any CPU.ActiveCfg = Debug|Any CPU
		{059CAE56-6021-4087-B902-22998A58A873}.Debug|Any CPU.Build.0 = Debug|Any CPU
		{059CAE56-6021-4087-B902-22998A58A873}.Release|Any CPU.ActiveCfg = Release|Any CPU
		{059CAE56-6021-4087-B902-22998A58A873}.Release|Any CPU.Build.0 = Release|Any CPU
		{36EEE5B9-FC5E-456D-A05F-9098A1DE07FA}.Debug|Any CPU.ActiveCfg = Debug|Any CPU
		{36EEE5B9-FC5E-456D-A05F-9098A1DE07FA}.Debug|Any CPU.Build.0 = Debug|Any CPU
		{36EEE5B9-FC5E-456D-A05F-9098A1DE07FA}.Release|Any CPU.ActiveCfg = Release|Any CPU
		{36EEE5B9-FC5E-456D-A05F-9098A1DE07FA}.Release|Any CPU.Build.0 = Release|Any CPU
		{F490DBC1-7109-4B4A-B6E7-760C1F38DAD8}.Debug|Any CPU.ActiveCfg = Debug|Any CPU
		{F490DBC1-7109-4B4A-B6E7-760C1F38DAD8}.Debug|Any CPU.Build.0 = Debug|Any CPU
		{F490DBC1-7109-4B4A-B6E7-760C1F38DAD8}.Release|Any CPU.ActiveCfg = Release|Any CPU
		{F490DBC1-7109-4B4A-B6E7-760C1F38DAD8}.Release|Any CPU.Build.0 = Release|Any CPU
		{5DF3D124-7CEE-4ED7-8BC3-8D86E1772D38}.Debug|Any CPU.ActiveCfg = Debug|Any CPU
		{5DF3D124-7CEE-4ED7-8BC3-8D86E1772D38}.Debug|Any CPU.Build.0 = Debug|Any CPU
		{5DF3D124-7CEE-4ED7-8BC3-8D86E1772D38}.Release|Any CPU.ActiveCfg = Release|Any CPU
		{5DF3D124-7CEE-4ED7-8BC3-8D86E1772D38}.Release|Any CPU.Build.0 = Release|Any CPU
	EndGlobalSection
	GlobalSection(SolutionProperties) = preSolution
		HideSolutionNode = FALSE
	EndGlobalSection
EndGlobal
